
Microsoft Visual Studio Solution File, Format Version 12.00
# Visual Studio Version 17
VisualStudioVersion = 17.8.34330.188
MinimumVisualStudioVersion = 10.0.40219.1
Project("{FAE04EC0-301F-11D3-BF4B-00C04F79EFBC}") = "Tries", "Tries\Tries.csproj", "{82FFC707-8740-41BF-94B9-24DD27CDE6A2}"
EndProject
Global
	GlobalSection(SolutionConfigurationPlatforms) = preSolution
		Debug|Any CPU = Debug|Any CPU
		Release|Any CPU = Release|Any CPU
	EndGlobalSection
	GlobalSection(ProjectConfigurationPlatforms) = postSolution
		{82FFC707-8740-41BF-94B9-24DD27CDE6A2}.Debug|Any CPU.ActiveCfg = Debug|Any CPU
		{82FFC707-8740-41BF-94B9-24DD27CDE6A2}.Debug|Any CPU.Build.0 = Debug|Any CPU
		{82FFC707-8740-41BF-94B9-24DD27CDE6A2}.Release|Any CPU.ActiveCfg = Release|Any CPU
		{82FFC707-8740-41BF-94B9-24DD27CDE6A2}.Release|Any CPU.Build.0 = Release|Any CPU
	EndGlobalSection
	GlobalSection(SolutionProperties) = preSolution
		HideSolutionNode = FALSE
	EndGlobalSection
	GlobalSection(ExtensibilityGlobals) = postSolution
		SolutionGuid = {9F07E566-C0F9-445B-A3BF-9A5555595DB8}
	EndGlobalSection
EndGlobal
