
Microsoft Visual Studio Solution File, Format Version 12.00
# Visual Studio Version 17
VisualStudioVersion = 17.8.34330.188
MinimumVisualStudioVersion = 10.0.40219.1
Project("{FAE04EC0-301F-11D3-BF4B-00C04F79EFBC}") = "Graphs", "Graphs\Graphs.csproj", "{95CCEE83-4811-405C-950C-6C079F740B20}"
EndProject
Global
	GlobalSection(SolutionConfigurationPlatforms) = preSolution
		Debug|Any CPU = Debug|Any CPU
		Release|Any CPU = Release|Any CPU
	EndGlobalSection
	GlobalSection(ProjectConfigurationPlatforms) = postSolution
		{95CCEE83-4811-405C-950C-6C079F740B20}.Debug|Any CPU.ActiveCfg = Debug|Any CPU
		{95CCEE83-4811-405C-950C-6C079F740B20}.Debug|Any CPU.Build.0 = Debug|Any CPU
		{95CCEE83-4811-405C-950C-6C079F740B20}.Release|Any CPU.ActiveCfg = Release|Any CPU
		{95CCEE83-4811-405C-950C-6C079F740B20}.Release|Any CPU.Build.0 = Release|Any CPU
	EndGlobalSection
	GlobalSection(SolutionProperties) = preSolution
		HideSolutionNode = FALSE
	EndGlobalSection
	GlobalSection(ExtensibilityGlobals) = postSolution
		SolutionGuid = {9525114F-C006-465D-9BCF-5F0EBA11CC9E}
	EndGlobalSection
EndGlobal
